// !$*UTF8*$!
{
	archiveVersion = 1;
	classes = {
	};
	objectVersion = 56;
	objects = {

/* Begin PBXBuildFile section */
		5403C5CF2B5DC4520021F326 /* DiaryApp.swift in Sources */ = {isa = PBXBuildFile; fileRef = 5403C5CE2B5DC4520021F326 /* DiaryApp.swift */; };
		5403C5D12B5DC4520021F326 /* ContentView.swift in Sources */ = {isa = PBXBuildFile; fileRef = 5403C5D02B5DC4520021F326 /* ContentView.swift */; };
		5403C5D32B5DC4530021F326 /* Assets.xcassets in Resources */ = {isa = PBXBuildFile; fileRef = 5403C5D22B5DC4530021F326 /* Assets.xcassets */; };
		5403C5D72B5DC4530021F326 /* Preview Assets.xcassets in Resources */ = {isa = PBXBuildFile; fileRef = 5403C5D62B5DC4530021F326 /* Preview Assets.xcassets */; };
		5403C5DF2B5DC52A0021F326 /* Main.xcdatamodeld in Sources */ = {isa = PBXBuildFile; fileRef = 5403C5DD2B5DC52A0021F326 /* Main.xcdatamodeld */; };
		5403C5E12B5DC7CB0021F326 /* DataController.swift in Sources */ = {isa = PBXBuildFile; fileRef = 5403C5E02B5DC7CB0021F326 /* DataController.swift */; };
		542C821B2B674F380039959A /* IssueRow.swift in Sources */ = {isa = PBXBuildFile; fileRef = 542C821A2B674F380039959A /* IssueRow.swift */; };
		5434A4DD2B8566EB0074A70B /* SidebarViewToolbar.swift in Sources */ = {isa = PBXBuildFile; fileRef = 5434A4DC2B8566EB0074A70B /* SidebarViewToolbar.swift */; };
		5434A4DF2B85687C0074A70B /* IssueViewToolbar.swift in Sources */ = {isa = PBXBuildFile; fileRef = 5434A4DE2B85687C0074A70B /* IssueViewToolbar.swift */; };
		5434A4E12B8569B40074A70B /* ContentViewToolbar.swift in Sources */ = {isa = PBXBuildFile; fileRef = 5434A4E02B8569B40074A70B /* ContentViewToolbar.swift */; };
		5434A4E32B85941B0074A70B /* TagsMenuView.swift in Sources */ = {isa = PBXBuildFile; fileRef = 5434A4E22B85941B0074A70B /* TagsMenuView.swift */; };
		5434A4E52B8595040074A70B /* SmartFilterRow.swift in Sources */ = {isa = PBXBuildFile; fileRef = 5434A4E42B8595040074A70B /* SmartFilterRow.swift */; };
		5434A4E72B85955D0074A70B /* UserFilterRow.swift in Sources */ = {isa = PBXBuildFile; fileRef = 5434A4E62B85955D0074A70B /* UserFilterRow.swift */; };
		543557E22B69ABB400397E59 /* IssueView.swift in Sources */ = {isa = PBXBuildFile; fileRef = 543557E12B69ABB400397E59 /* IssueView.swift */; };
		543557E42B69ABBD00397E59 /* NoIssueView.swift in Sources */ = {isa = PBXBuildFile; fileRef = 543557E32B69ABBD00397E59 /* NoIssueView.swift */; };
		5450AC702B81669300635559 /* Localizable.strings in Resources */ = {isa = PBXBuildFile; fileRef = 5450AC722B81669300635559 /* Localizable.strings */; };
		5450AC752B81677400635559 /* Localizable.stringsdict in Resources */ = {isa = PBXBuildFile; fileRef = 5450AC772B81677400635559 /* Localizable.stringsdict */; };
		5450AC7A2B816E7E00635559 /* Awards.json in Resources */ = {isa = PBXBuildFile; fileRef = 5450AC7C2B816E7E00635559 /* Awards.json */; };
		547364BD2B61C3FC0019BC90 /* SidebarView.swift in Sources */ = {isa = PBXBuildFile; fileRef = 547364BC2B61C3FC0019BC90 /* SidebarView.swift */; };
		547364BF2B61C4010019BC90 /* DetailView.swift in Sources */ = {isa = PBXBuildFile; fileRef = 547364BE2B61C4010019BC90 /* DetailView.swift */; };
		547364C12B61E9950019BC90 /* Filter.swift in Sources */ = {isa = PBXBuildFile; fileRef = 547364C02B61E9950019BC90 /* Filter.swift */; };
		5496484C2B72530500C76788 /* Bundle-Decodable.swift in Sources */ = {isa = PBXBuildFile; fileRef = 5496484B2B72530500C76788 /* Bundle-Decodable.swift */; };
		549648502B72579600C76788 /* Colors.xcassets in Resources */ = {isa = PBXBuildFile; fileRef = 5496484E2B72579600C76788 /* Colors.xcassets */; };
		549648522B72583100C76788 /* Award.swift in Sources */ = {isa = PBXBuildFile; fileRef = 549648512B72583100C76788 /* Award.swift */; };
		549648542B7258DF00C76788 /* AwardsView.swift in Sources */ = {isa = PBXBuildFile; fileRef = 549648532B7258DF00C76788 /* AwardsView.swift */; };
		54C757F92B8BCEB400998BB2 /* PerformanceTests.swift in Sources */ = {isa = PBXBuildFile; fileRef = 54C757F82B8BCEB400998BB2 /* PerformanceTests.swift */; };
		54C758012B8BD60A00998BB2 /* DiaryUITests.swift in Sources */ = {isa = PBXBuildFile; fileRef = 54C758002B8BD60A00998BB2 /* DiaryUITests.swift */; };
		54C758032B8BD60A00998BB2 /* DiaryUITestsLaunchTests.swift in Sources */ = {isa = PBXBuildFile; fileRef = 54C758022B8BD60A00998BB2 /* DiaryUITestsLaunchTests.swift */; };
		54DC39112B8AF8B1002C93FE /* ExtensionTests.swift in Sources */ = {isa = PBXBuildFile; fileRef = 54DC39102B8AF8B1002C93FE /* ExtensionTests.swift */; };
		54EAB1E22B649F4400D0CB32 /* Issue-CoreDataHelpers.swift in Sources */ = {isa = PBXBuildFile; fileRef = 54EAB1E12B649F4300D0CB32 /* Issue-CoreDataHelpers.swift */; };
		54EAB1E42B64A07100D0CB32 /* Tag-CoreDataHelpers.swift in Sources */ = {isa = PBXBuildFile; fileRef = 54EAB1E32B64A07100D0CB32 /* Tag-CoreDataHelpers.swift */; };
		54EBA9D32B8A932600F85662 /* DiaryTests.swift in Sources */ = {isa = PBXBuildFile; fileRef = 54EBA9D22B8A932600F85662 /* DiaryTests.swift */; };
		54EBA9DD2B8A96CE00F85662 /* AssetTests.swift in Sources */ = {isa = PBXBuildFile; fileRef = 54EBA9DC2B8A96CE00F85662 /* AssetTests.swift */; };
		54EBA9DF2B8A997F00F85662 /* TagTests.swift in Sources */ = {isa = PBXBuildFile; fileRef = 54EBA9DE2B8A997F00F85662 /* TagTests.swift */; };
		54EBA9E12B8AA14C00F85662 /* AwardsTest.swift in Sources */ = {isa = PBXBuildFile; fileRef = 54EBA9E02B8AA14C00F85662 /* AwardsTest.swift */; };
		54EBA9E32B8AA8DD00F85662 /* DevelopmentTests.swift in Sources */ = {isa = PBXBuildFile; fileRef = 54EBA9E22B8AA8DD00F85662 /* DevelopmentTests.swift */; };
/* End PBXBuildFile section */

/* Begin PBXContainerItemProxy section */
		54C758042B8BD60A00998BB2 /* PBXContainerItemProxy */ = {
			isa = PBXContainerItemProxy;
			containerPortal = 5403C5C32B5DC4520021F326 /* Project object */;
			proxyType = 1;
			remoteGlobalIDString = 5403C5CA2B5DC4520021F326;
			remoteInfo = Diary;
		};
		54EBA9D42B8A932600F85662 /* PBXContainerItemProxy */ = {
			isa = PBXContainerItemProxy;
			containerPortal = 5403C5C32B5DC4520021F326 /* Project object */;
			proxyType = 1;
			remoteGlobalIDString = 5403C5CA2B5DC4520021F326;
			remoteInfo = Diary;
		};
/* End PBXContainerItemProxy section */

/* Begin PBXFileReference section */
		5403C5CB2B5DC4520021F326 /* Diary.app */ = {isa = PBXFileReference; explicitFileType = wrapper.application; includeInIndex = 0; path = Diary.app; sourceTree = BUILT_PRODUCTS_DIR; };
		5403C5CE2B5DC4520021F326 /* DiaryApp.swift */ = {isa = PBXFileReference; lastKnownFileType = sourcecode.swift; path = DiaryApp.swift; sourceTree = "<group>"; };
		5403C5D02B5DC4520021F326 /* ContentView.swift */ = {isa = PBXFileReference; lastKnownFileType = sourcecode.swift; path = ContentView.swift; sourceTree = "<group>"; };
		5403C5D22B5DC4530021F326 /* Assets.xcassets */ = {isa = PBXFileReference; lastKnownFileType = folder.assetcatalog; path = Assets.xcassets; sourceTree = "<group>"; };
		5403C5D42B5DC4530021F326 /* Diary.entitlements */ = {isa = PBXFileReference; lastKnownFileType = text.plist.entitlements; path = Diary.entitlements; sourceTree = "<group>"; };
		5403C5D62B5DC4530021F326 /* Preview Assets.xcassets */ = {isa = PBXFileReference; lastKnownFileType = folder.assetcatalog; path = "Preview Assets.xcassets"; sourceTree = "<group>"; };
		5403C5DE2B5DC52A0021F326 /* Main.xcdatamodel */ = {isa = PBXFileReference; lastKnownFileType = wrapper.xcdatamodel; path = Main.xcdatamodel; sourceTree = "<group>"; };
		5403C5E02B5DC7CB0021F326 /* DataController.swift */ = {isa = PBXFileReference; lastKnownFileType = sourcecode.swift; path = DataController.swift; sourceTree = "<group>"; };
		5403C5E22B5DD34B0021F326 /* Info.plist */ = {isa = PBXFileReference; lastKnownFileType = text.plist.xml; path = Info.plist; sourceTree = "<group>"; };
		542C821A2B674F380039959A /* IssueRow.swift */ = {isa = PBXFileReference; lastKnownFileType = sourcecode.swift; path = IssueRow.swift; sourceTree = "<group>"; };
		5434A4DC2B8566EB0074A70B /* SidebarViewToolbar.swift */ = {isa = PBXFileReference; lastKnownFileType = sourcecode.swift; path = SidebarViewToolbar.swift; sourceTree = "<group>"; };
		5434A4DE2B85687C0074A70B /* IssueViewToolbar.swift */ = {isa = PBXFileReference; lastKnownFileType = sourcecode.swift; path = IssueViewToolbar.swift; sourceTree = "<group>"; };
		5434A4E02B8569B40074A70B /* ContentViewToolbar.swift */ = {isa = PBXFileReference; lastKnownFileType = sourcecode.swift; path = ContentViewToolbar.swift; sourceTree = "<group>"; };
		5434A4E22B85941B0074A70B /* TagsMenuView.swift */ = {isa = PBXFileReference; lastKnownFileType = sourcecode.swift; path = TagsMenuView.swift; sourceTree = "<group>"; };
		5434A4E42B8595040074A70B /* SmartFilterRow.swift */ = {isa = PBXFileReference; lastKnownFileType = sourcecode.swift; path = SmartFilterRow.swift; sourceTree = "<group>"; };
		5434A4E62B85955D0074A70B /* UserFilterRow.swift */ = {isa = PBXFileReference; lastKnownFileType = sourcecode.swift; path = UserFilterRow.swift; sourceTree = "<group>"; };
		543557E12B69ABB400397E59 /* IssueView.swift */ = {isa = PBXFileReference; lastKnownFileType = sourcecode.swift; path = IssueView.swift; sourceTree = "<group>"; };
		543557E32B69ABBD00397E59 /* NoIssueView.swift */ = {isa = PBXFileReference; lastKnownFileType = sourcecode.swift; path = NoIssueView.swift; sourceTree = "<group>"; };
		5450AC712B81669300635559 /* en */ = {isa = PBXFileReference; lastKnownFileType = text.plist.strings; name = en; path = en.lproj/Localizable.strings; sourceTree = "<group>"; };
		5450AC732B8166AD00635559 /* hu */ = {isa = PBXFileReference; lastKnownFileType = text.plist.strings; name = hu; path = hu.lproj/Localizable.strings; sourceTree = "<group>"; };
		5450AC742B81674300635559 /* mi */ = {isa = PBXFileReference; lastKnownFileType = text.plist.strings; name = mi; path = mi.lproj/Localizable.strings; sourceTree = "<group>"; };
		5450AC762B81677400635559 /* en */ = {isa = PBXFileReference; lastKnownFileType = text.plist.stringsdict; name = en; path = en.lproj/Localizable.stringsdict; sourceTree = "<group>"; };
		5450AC782B81677800635559 /* hu */ = {isa = PBXFileReference; lastKnownFileType = text.plist.stringsdict; name = hu; path = hu.lproj/Localizable.stringsdict; sourceTree = "<group>"; };
		5450AC792B81677800635559 /* mi */ = {isa = PBXFileReference; lastKnownFileType = text.plist.stringsdict; name = mi; path = mi.lproj/Localizable.stringsdict; sourceTree = "<group>"; };
		5450AC7B2B816E7E00635559 /* en */ = {isa = PBXFileReference; lastKnownFileType = text.json; name = en; path = en.lproj/Awards.json; sourceTree = "<group>"; };
		5450AC7D2B816E8100635559 /* mi */ = {isa = PBXFileReference; lastKnownFileType = text.json; name = mi; path = mi.lproj/Awards.json; sourceTree = "<group>"; };
		5450AC7E2B816E8200635559 /* hu */ = {isa = PBXFileReference; lastKnownFileType = text.json; name = hu; path = hu.lproj/Awards.json; sourceTree = "<group>"; };
		547364BC2B61C3FC0019BC90 /* SidebarView.swift */ = {isa = PBXFileReference; lastKnownFileType = sourcecode.swift; path = SidebarView.swift; sourceTree = "<group>"; };
		547364BE2B61C4010019BC90 /* DetailView.swift */ = {isa = PBXFileReference; lastKnownFileType = sourcecode.swift; path = DetailView.swift; sourceTree = "<group>"; };
		547364C02B61E9950019BC90 /* Filter.swift */ = {isa = PBXFileReference; lastKnownFileType = sourcecode.swift; path = Filter.swift; sourceTree = "<group>"; };
		5496484B2B72530500C76788 /* Bundle-Decodable.swift */ = {isa = PBXFileReference; lastKnownFileType = sourcecode.swift; path = "Bundle-Decodable.swift"; sourceTree = "<group>"; };
		5496484E2B72579600C76788 /* Colors.xcassets */ = {isa = PBXFileReference; lastKnownFileType = folder.assetcatalog; path = Colors.xcassets; sourceTree = "<group>"; };
		549648512B72583100C76788 /* Award.swift */ = {isa = PBXFileReference; lastKnownFileType = sourcecode.swift; path = Award.swift; sourceTree = "<group>"; };
		549648532B7258DF00C76788 /* AwardsView.swift */ = {isa = PBXFileReference; lastKnownFileType = sourcecode.swift; path = AwardsView.swift; sourceTree = "<group>"; };
		54C757F82B8BCEB400998BB2 /* PerformanceTests.swift */ = {isa = PBXFileReference; lastKnownFileType = sourcecode.swift; path = PerformanceTests.swift; sourceTree = "<group>"; };
		54C757FE2B8BD60A00998BB2 /* DiaryUITests.xctest */ = {isa = PBXFileReference; explicitFileType = wrapper.cfbundle; includeInIndex = 0; path = DiaryUITests.xctest; sourceTree = BUILT_PRODUCTS_DIR; };
		54C758002B8BD60A00998BB2 /* DiaryUITests.swift */ = {isa = PBXFileReference; lastKnownFileType = sourcecode.swift; path = DiaryUITests.swift; sourceTree = "<group>"; };
		54C758022B8BD60A00998BB2 /* DiaryUITestsLaunchTests.swift */ = {isa = PBXFileReference; lastKnownFileType = sourcecode.swift; path = DiaryUITestsLaunchTests.swift; sourceTree = "<group>"; };
		54DC39102B8AF8B1002C93FE /* ExtensionTests.swift */ = {isa = PBXFileReference; lastKnownFileType = sourcecode.swift; path = ExtensionTests.swift; sourceTree = "<group>"; };
		54EAB1E12B649F4300D0CB32 /* Issue-CoreDataHelpers.swift */ = {isa = PBXFileReference; lastKnownFileType = sourcecode.swift; path = "Issue-CoreDataHelpers.swift"; sourceTree = "<group>"; };
		54EAB1E32B64A07100D0CB32 /* Tag-CoreDataHelpers.swift */ = {isa = PBXFileReference; lastKnownFileType = sourcecode.swift; path = "Tag-CoreDataHelpers.swift"; sourceTree = "<group>"; };
		54EBA9D02B8A932600F85662 /* DiaryTests.xctest */ = {isa = PBXFileReference; explicitFileType = wrapper.cfbundle; includeInIndex = 0; path = DiaryTests.xctest; sourceTree = BUILT_PRODUCTS_DIR; };
		54EBA9D22B8A932600F85662 /* DiaryTests.swift */ = {isa = PBXFileReference; lastKnownFileType = sourcecode.swift; path = DiaryTests.swift; sourceTree = "<group>"; };
		54EBA9DB2B8A950600F85662 /* Diary.xctestplan */ = {isa = PBXFileReference; lastKnownFileType = text; path = Diary.xctestplan; sourceTree = SOURCE_ROOT; };
		54EBA9DC2B8A96CE00F85662 /* AssetTests.swift */ = {isa = PBXFileReference; lastKnownFileType = sourcecode.swift; path = AssetTests.swift; sourceTree = "<group>"; };
		54EBA9DE2B8A997F00F85662 /* TagTests.swift */ = {isa = PBXFileReference; lastKnownFileType = sourcecode.swift; path = TagTests.swift; sourceTree = "<group>"; };
		54EBA9E02B8AA14C00F85662 /* AwardsTest.swift */ = {isa = PBXFileReference; lastKnownFileType = sourcecode.swift; path = AwardsTest.swift; sourceTree = "<group>"; };
		54EBA9E22B8AA8DD00F85662 /* DevelopmentTests.swift */ = {isa = PBXFileReference; lastKnownFileType = sourcecode.swift; path = DevelopmentTests.swift; sourceTree = "<group>"; };
/* End PBXFileReference section */

/* Begin PBXFrameworksBuildPhase section */
		5403C5C82B5DC4520021F326 /* Frameworks */ = {
			isa = PBXFrameworksBuildPhase;
			buildActionMask = 2147483647;
			files = (
			);
			runOnlyForDeploymentPostprocessing = 0;
		};
		54C757FB2B8BD60A00998BB2 /* Frameworks */ = {
			isa = PBXFrameworksBuildPhase;
			buildActionMask = 2147483647;
			files = (
			);
			runOnlyForDeploymentPostprocessing = 0;
		};
		54EBA9CD2B8A932600F85662 /* Frameworks */ = {
			isa = PBXFrameworksBuildPhase;
			buildActionMask = 2147483647;
			files = (
			);
			runOnlyForDeploymentPostprocessing = 0;
		};
/* End PBXFrameworksBuildPhase section */

/* Begin PBXGroup section */
		5403C5C22B5DC4520021F326 = {
			isa = PBXGroup;
			children = (
				5403C5CD2B5DC4520021F326 /* Diary */,
				54EBA9D12B8A932600F85662 /* DiaryTests */,
				54C757FF2B8BD60A00998BB2 /* DiaryUITests */,
				5403C5CC2B5DC4520021F326 /* Products */,
			);
			sourceTree = "<group>";
		};
		5403C5CC2B5DC4520021F326 /* Products */ = {
			isa = PBXGroup;
			children = (
				5403C5CB2B5DC4520021F326 /* Diary.app */,
				54EBA9D02B8A932600F85662 /* DiaryTests.xctest */,
				54C757FE2B8BD60A00998BB2 /* DiaryUITests.xctest */,
			);
			name = Products;
			sourceTree = "<group>";
		};
		5403C5CD2B5DC4520021F326 /* Diary */ = {
			isa = PBXGroup;
			children = (
				549C96312B8814E1008C5802 /* Filters */,
				549C96322B8814E9008C5802 /* Issues */,
				549C96342B8814F6008C5802 /* Editing */,
				549C96332B8814EF008C5802 /* Awards */,
				549C96372B88154F008C5802 /* Extensions */,
				549C96352B8814FE008C5802 /* Localization */,
				549C96362B88152D008C5802 /* Configuration */,
				54EAB1E52B64A11700D0CB32 /* data */,
				5403C5D52B5DC4530021F326 /* Preview Content */,
			);
			path = Diary;
			sourceTree = "<group>";
		};
		5403C5D52B5DC4530021F326 /* Preview Content */ = {
			isa = PBXGroup;
			children = (
				5403C5D62B5DC4530021F326 /* Preview Assets.xcassets */,
			);
			path = "Preview Content";
			sourceTree = "<group>";
		};
		549C96312B8814E1008C5802 /* Filters */ = {
			isa = PBXGroup;
			children = (
				547364BC2B61C3FC0019BC90 /* SidebarView.swift */,
				5434A4E62B85955D0074A70B /* UserFilterRow.swift */,
				5434A4E42B8595040074A70B /* SmartFilterRow.swift */,
				5434A4DC2B8566EB0074A70B /* SidebarViewToolbar.swift */,
				547364C02B61E9950019BC90 /* Filter.swift */,
			);
			path = Filters;
			sourceTree = "<group>";
		};
		549C96322B8814E9008C5802 /* Issues */ = {
			isa = PBXGroup;
			children = (
				5403C5D02B5DC4520021F326 /* ContentView.swift */,
				5434A4E02B8569B40074A70B /* ContentViewToolbar.swift */,
				542C821A2B674F380039959A /* IssueRow.swift */,
			);
			path = Issues;
			sourceTree = "<group>";
		};
		549C96332B8814EF008C5802 /* Awards */ = {
			isa = PBXGroup;
			children = (
				549648532B7258DF00C76788 /* AwardsView.swift */,
				549648512B72583100C76788 /* Award.swift */,
				5450AC7C2B816E7E00635559 /* Awards.json */,
			);
			path = Awards;
			sourceTree = "<group>";
		};
		549C96342B8814F6008C5802 /* Editing */ = {
			isa = PBXGroup;
			children = (
				543557E12B69ABB400397E59 /* IssueView.swift */,
				5434A4E22B85941B0074A70B /* TagsMenuView.swift */,
				5434A4DE2B85687C0074A70B /* IssueViewToolbar.swift */,
				547364BE2B61C4010019BC90 /* DetailView.swift */,
				543557E32B69ABBD00397E59 /* NoIssueView.swift */,
			);
			path = Editing;
			sourceTree = "<group>";
		};
		549C96352B8814FE008C5802 /* Localization */ = {
			isa = PBXGroup;
			children = (
				5450AC722B81669300635559 /* Localizable.strings */,
				5450AC772B81677400635559 /* Localizable.stringsdict */,
			);
			path = Localization;
			sourceTree = "<group>";
		};
		549C96362B88152D008C5802 /* Configuration */ = {
			isa = PBXGroup;
			children = (
				5403C5D22B5DC4530021F326 /* Assets.xcassets */,
				5496484E2B72579600C76788 /* Colors.xcassets */,
				5403C5CE2B5DC4520021F326 /* DiaryApp.swift */,
				5403C5E02B5DC7CB0021F326 /* DataController.swift */,
				5403C5DD2B5DC52A0021F326 /* Main.xcdatamodeld */,
				5403C5E22B5DD34B0021F326 /* Info.plist */,
				5403C5D42B5DC4530021F326 /* Diary.entitlements */,
			);
			path = Configuration;
			sourceTree = "<group>";
		};
		549C96372B88154F008C5802 /* Extensions */ = {
			isa = PBXGroup;
			children = (
				5496484B2B72530500C76788 /* Bundle-Decodable.swift */,
				54EAB1E12B649F4300D0CB32 /* Issue-CoreDataHelpers.swift */,
				54EAB1E32B64A07100D0CB32 /* Tag-CoreDataHelpers.swift */,
			);
			path = Extensions;
			sourceTree = "<group>";
		};
		54C757FF2B8BD60A00998BB2 /* DiaryUITests */ = {
			isa = PBXGroup;
			children = (
				54C758002B8BD60A00998BB2 /* DiaryUITests.swift */,
				54C758022B8BD60A00998BB2 /* DiaryUITestsLaunchTests.swift */,
			);
			path = DiaryUITests;
			sourceTree = "<group>";
		};
		54EAB1E52B64A11700D0CB32 /* data */ = {
			isa = PBXGroup;
			children = (
			);
			path = data;
			sourceTree = "<group>";
		};
		54EBA9D12B8A932600F85662 /* DiaryTests */ = {
			isa = PBXGroup;
			children = (
				54EBA9DB2B8A950600F85662 /* Diary.xctestplan */,
				54EBA9D22B8A932600F85662 /* DiaryTests.swift */,
				54EBA9DC2B8A96CE00F85662 /* AssetTests.swift */,
				54DC39102B8AF8B1002C93FE /* ExtensionTests.swift */,
				54EBA9E02B8AA14C00F85662 /* AwardsTest.swift */,
				54C757F82B8BCEB400998BB2 /* PerformanceTests.swift */,
				54EBA9E22B8AA8DD00F85662 /* DevelopmentTests.swift */,
				54EBA9DE2B8A997F00F85662 /* TagTests.swift */,
			);
			path = DiaryTests;
			sourceTree = "<group>";
		};
/* End PBXGroup section */

/* Begin PBXNativeTarget section */
		5403C5CA2B5DC4520021F326 /* Diary */ = {
			isa = PBXNativeTarget;
			buildConfigurationList = 5403C5DA2B5DC4530021F326 /* Build configuration list for PBXNativeTarget "Diary" */;
			buildPhases = (
				5403C5C72B5DC4520021F326 /* Sources */,
				5403C5C82B5DC4520021F326 /* Frameworks */,
				5403C5C92B5DC4520021F326 /* Resources */,
				549C96302B87FC5C008C5802 /* SwiftLint */,
			);
			buildRules = (
			);
			dependencies = (
			);
			name = Diary;
			productName = Diary;
			productReference = 5403C5CB2B5DC4520021F326 /* Diary.app */;
			productType = "com.apple.product-type.application";
		};
		54C757FD2B8BD60A00998BB2 /* DiaryUITests */ = {
			isa = PBXNativeTarget;
			buildConfigurationList = 54C758062B8BD60A00998BB2 /* Build configuration list for PBXNativeTarget "DiaryUITests" */;
			buildPhases = (
				54C757FA2B8BD60A00998BB2 /* Sources */,
				54C757FB2B8BD60A00998BB2 /* Frameworks */,
				54C757FC2B8BD60A00998BB2 /* Resources */,
			);
			buildRules = (
			);
			dependencies = (
				54C758052B8BD60A00998BB2 /* PBXTargetDependency */,
			);
			name = DiaryUITests;
			productName = DiaryUITests;
			productReference = 54C757FE2B8BD60A00998BB2 /* DiaryUITests.xctest */;
			productType = "com.apple.product-type.bundle.ui-testing";
		};
		54EBA9CF2B8A932600F85662 /* DiaryTests */ = {
			isa = PBXNativeTarget;
			buildConfigurationList = 54EBA9D82B8A932600F85662 /* Build configuration list for PBXNativeTarget "DiaryTests" */;
			buildPhases = (
				54EBA9CC2B8A932600F85662 /* Sources */,
				54EBA9CD2B8A932600F85662 /* Frameworks */,
				54EBA9CE2B8A932600F85662 /* Resources */,
			);
			buildRules = (
			);
			dependencies = (
				54EBA9D52B8A932600F85662 /* PBXTargetDependency */,
			);
			name = DiaryTests;
			productName = DiaryTests;
			productReference = 54EBA9D02B8A932600F85662 /* DiaryTests.xctest */;
			productType = "com.apple.product-type.bundle.unit-test";
		};
/* End PBXNativeTarget section */

/* Begin PBXProject section */
		5403C5C32B5DC4520021F326 /* Project object */ = {
			isa = PBXProject;
			attributes = {
				BuildIndependentTargetsInParallel = 1;
				LastSwiftUpdateCheck = 1520;
				LastUpgradeCheck = 1520;
				TargetAttributes = {
					5403C5CA2B5DC4520021F326 = {
						CreatedOnToolsVersion = 15.2;
					};
					54C757FD2B8BD60A00998BB2 = {
						CreatedOnToolsVersion = 15.2;
						TestTargetID = 5403C5CA2B5DC4520021F326;
					};
					54EBA9CF2B8A932600F85662 = {
						CreatedOnToolsVersion = 15.2;
						TestTargetID = 5403C5CA2B5DC4520021F326;
					};
				};
			};
			buildConfigurationList = 5403C5C62B5DC4520021F326 /* Build configuration list for PBXProject "Diary" */;
			compatibilityVersion = "Xcode 14.0";
			developmentRegion = en;
			hasScannedForEncodings = 0;
			knownRegions = (
				en,
				Base,
				hu,
				mi,
			);
			mainGroup = 5403C5C22B5DC4520021F326;
			productRefGroup = 5403C5CC2B5DC4520021F326 /* Products */;
			projectDirPath = "";
			projectRoot = "";
			targets = (
				5403C5CA2B5DC4520021F326 /* Diary */,
				54EBA9CF2B8A932600F85662 /* DiaryTests */,
				54C757FD2B8BD60A00998BB2 /* DiaryUITests */,
			);
		};
/* End PBXProject section */

/* Begin PBXResourcesBuildPhase section */
		5403C5C92B5DC4520021F326 /* Resources */ = {
			isa = PBXResourcesBuildPhase;
			buildActionMask = 2147483647;
			files = (
				5450AC702B81669300635559 /* Localizable.strings in Resources */,
				5403C5D72B5DC4530021F326 /* Preview Assets.xcassets in Resources */,
				549648502B72579600C76788 /* Colors.xcassets in Resources */,
				5450AC7A2B816E7E00635559 /* Awards.json in Resources */,
				5403C5D32B5DC4530021F326 /* Assets.xcassets in Resources */,
				5450AC752B81677400635559 /* Localizable.stringsdict in Resources */,
			);
			runOnlyForDeploymentPostprocessing = 0;
		};
		54C757FC2B8BD60A00998BB2 /* Resources */ = {
			isa = PBXResourcesBuildPhase;
			buildActionMask = 2147483647;
			files = (
			);
			runOnlyForDeploymentPostprocessing = 0;
		};
		54EBA9CE2B8A932600F85662 /* Resources */ = {
			isa = PBXResourcesBuildPhase;
			buildActionMask = 2147483647;
			files = (
			);
			runOnlyForDeploymentPostprocessing = 0;
		};
/* End PBXResourcesBuildPhase section */

/* Begin PBXShellScriptBuildPhase section */
		549C96302B87FC5C008C5802 /* SwiftLint */ = {
			isa = PBXShellScriptBuildPhase;
			alwaysOutOfDate = 1;
			buildActionMask = 2147483647;
			files = (
			);
			inputFileListPaths = (
			);
			inputPaths = (
			);
			name = SwiftLint;
			outputFileListPaths = (
			);
			outputPaths = (
			);
			runOnlyForDeploymentPostprocessing = 0;
			shellPath = /bin/sh;
			shellScript = "if [[ \"$(uname -m)\" == arm64 ]]; then\n    export PATH=\"/opt/homebrew/bin:$PATH\"\nfi\n\nif which swiftlint > /dev/null; then\n  swiftlint\nelse\n  echo \"warning: SwiftLint not installed, download from https://github.com/realm/SwiftLint\"\nfi\n";
		};
/* End PBXShellScriptBuildPhase section */

/* Begin PBXSourcesBuildPhase section */
		5403C5C72B5DC4520021F326 /* Sources */ = {
			isa = PBXSourcesBuildPhase;
			buildActionMask = 2147483647;
			files = (
				547364C12B61E9950019BC90 /* Filter.swift in Sources */,
				5434A4E32B85941B0074A70B /* TagsMenuView.swift in Sources */,
				549648522B72583100C76788 /* Award.swift in Sources */,
				5434A4DF2B85687C0074A70B /* IssueViewToolbar.swift in Sources */,
				5434A4E52B8595040074A70B /* SmartFilterRow.swift in Sources */,
				549648542B7258DF00C76788 /* AwardsView.swift in Sources */,
				543557E42B69ABBD00397E59 /* NoIssueView.swift in Sources */,
				54EAB1E42B64A07100D0CB32 /* Tag-CoreDataHelpers.swift in Sources */,
				5403C5DF2B5DC52A0021F326 /* Main.xcdatamodeld in Sources */,
				5496484C2B72530500C76788 /* Bundle-Decodable.swift in Sources */,
				54EAB1E22B649F4400D0CB32 /* Issue-CoreDataHelpers.swift in Sources */,
				547364BF2B61C4010019BC90 /* DetailView.swift in Sources */,
				5434A4E12B8569B40074A70B /* ContentViewToolbar.swift in Sources */,
				5434A4DD2B8566EB0074A70B /* SidebarViewToolbar.swift in Sources */,
				5403C5E12B5DC7CB0021F326 /* DataController.swift in Sources */,
				547364BD2B61C3FC0019BC90 /* SidebarView.swift in Sources */,
				5403C5D12B5DC4520021F326 /* ContentView.swift in Sources */,
				5434A4E72B85955D0074A70B /* UserFilterRow.swift in Sources */,
				543557E22B69ABB400397E59 /* IssueView.swift in Sources */,
				542C821B2B674F380039959A /* IssueRow.swift in Sources */,
				5403C5CF2B5DC4520021F326 /* DiaryApp.swift in Sources */,
			);
			runOnlyForDeploymentPostprocessing = 0;
		};
		54C757FA2B8BD60A00998BB2 /* Sources */ = {
			isa = PBXSourcesBuildPhase;
			buildActionMask = 2147483647;
			files = (
				54C758032B8BD60A00998BB2 /* DiaryUITestsLaunchTests.swift in Sources */,
				54C758012B8BD60A00998BB2 /* DiaryUITests.swift in Sources */,
			);
			runOnlyForDeploymentPostprocessing = 0;
		};
		54EBA9CC2B8A932600F85662 /* Sources */ = {
			isa = PBXSourcesBuildPhase;
			buildActionMask = 2147483647;
			files = (
				54C757F92B8BCEB400998BB2 /* PerformanceTests.swift in Sources */,
				54EBA9DD2B8A96CE00F85662 /* AssetTests.swift in Sources */,
				54EBA9E12B8AA14C00F85662 /* AwardsTest.swift in Sources */,
				54EBA9DF2B8A997F00F85662 /* TagTests.swift in Sources */,
				54DC39112B8AF8B1002C93FE /* ExtensionTests.swift in Sources */,
				54EBA9D32B8A932600F85662 /* DiaryTests.swift in Sources */,
				54EBA9E32B8AA8DD00F85662 /* DevelopmentTests.swift in Sources */,
			);
			runOnlyForDeploymentPostprocessing = 0;
		};
/* End PBXSourcesBuildPhase section */

/* Begin PBXTargetDependency section */
		54C758052B8BD60A00998BB2 /* PBXTargetDependency */ = {
			isa = PBXTargetDependency;
			target = 5403C5CA2B5DC4520021F326 /* Diary */;
			targetProxy = 54C758042B8BD60A00998BB2 /* PBXContainerItemProxy */;
		};
		54EBA9D52B8A932600F85662 /* PBXTargetDependency */ = {
			isa = PBXTargetDependency;
			target = 5403C5CA2B5DC4520021F326 /* Diary */;
			targetProxy = 54EBA9D42B8A932600F85662 /* PBXContainerItemProxy */;
		};
/* End PBXTargetDependency section */

/* Begin PBXVariantGroup section */
		5450AC722B81669300635559 /* Localizable.strings */ = {
			isa = PBXVariantGroup;
			children = (
				5450AC712B81669300635559 /* en */,
				5450AC732B8166AD00635559 /* hu */,
				5450AC742B81674300635559 /* mi */,
			);
			name = Localizable.strings;
			sourceTree = "<group>";
		};
		5450AC772B81677400635559 /* Localizable.stringsdict */ = {
			isa = PBXVariantGroup;
			children = (
				5450AC762B81677400635559 /* en */,
				5450AC782B81677800635559 /* hu */,
				5450AC792B81677800635559 /* mi */,
			);
			name = Localizable.stringsdict;
			sourceTree = "<group>";
		};
		5450AC7C2B816E7E00635559 /* Awards.json */ = {
			isa = PBXVariantGroup;
			children = (
				5450AC7B2B816E7E00635559 /* en */,
				5450AC7D2B816E8100635559 /* mi */,
				5450AC7E2B816E8200635559 /* hu */,
			);
			name = Awards.json;
			sourceTree = "<group>";
		};
/* End PBXVariantGroup section */

/* Begin XCBuildConfiguration section */
		5403C5D82B5DC4530021F326 /* Debug */ = {
			isa = XCBuildConfiguration;
			buildSettings = {
				ALWAYS_SEARCH_USER_PATHS = NO;
				ASSETCATALOG_COMPILER_GENERATE_SWIFT_ASSET_SYMBOL_EXTENSIONS = YES;
				CLANG_ANALYZER_NONNULL = YES;
				CLANG_ANALYZER_NUMBER_OBJECT_CONVERSION = YES_AGGRESSIVE;
				CLANG_CXX_LANGUAGE_STANDARD = "gnu++20";
				CLANG_ENABLE_MODULES = YES;
				CLANG_ENABLE_OBJC_ARC = YES;
				CLANG_ENABLE_OBJC_WEAK = YES;
				CLANG_WARN_BLOCK_CAPTURE_AUTORELEASING = YES;
				CLANG_WARN_BOOL_CONVERSION = YES;
				CLANG_WARN_COMMA = YES;
				CLANG_WARN_CONSTANT_CONVERSION = YES;
				CLANG_WARN_DEPRECATED_OBJC_IMPLEMENTATIONS = YES;
				CLANG_WARN_DIRECT_OBJC_ISA_USAGE = YES_ERROR;
				CLANG_WARN_DOCUMENTATION_COMMENTS = YES;
				CLANG_WARN_EMPTY_BODY = YES;
				CLANG_WARN_ENUM_CONVERSION = YES;
				CLANG_WARN_INFINITE_RECURSION = YES;
				CLANG_WARN_INT_CONVERSION = YES;
				CLANG_WARN_NON_LITERAL_NULL_CONVERSION = YES;
				CLANG_WARN_OBJC_IMPLICIT_RETAIN_SELF = YES;
				CLANG_WARN_OBJC_LITERAL_CONVERSION = YES;
				CLANG_WARN_OBJC_ROOT_CLASS = YES_ERROR;
				CLANG_WARN_QUOTED_INCLUDE_IN_FRAMEWORK_HEADER = YES;
				CLANG_WARN_RANGE_LOOP_ANALYSIS = YES;
				CLANG_WARN_STRICT_PROTOTYPES = YES;
				CLANG_WARN_SUSPICIOUS_MOVE = YES;
				CLANG_WARN_UNGUARDED_AVAILABILITY = YES_AGGRESSIVE;
				CLANG_WARN_UNREACHABLE_CODE = YES;
				CLANG_WARN__DUPLICATE_METHOD_MATCH = YES;
				COPY_PHASE_STRIP = NO;
				DEBUG_INFORMATION_FORMAT = dwarf;
				ENABLE_STRICT_OBJC_MSGSEND = YES;
				ENABLE_TESTABILITY = YES;
				ENABLE_USER_SCRIPT_SANDBOXING = NO;
				GCC_C_LANGUAGE_STANDARD = gnu17;
				GCC_DYNAMIC_NO_PIC = NO;
				GCC_NO_COMMON_BLOCKS = YES;
				GCC_OPTIMIZATION_LEVEL = 0;
				GCC_PREPROCESSOR_DEFINITIONS = (
					"DEBUG=1",
					"$(inherited)",
				);
				GCC_WARN_64_TO_32_BIT_CONVERSION = YES;
				GCC_WARN_ABOUT_RETURN_TYPE = YES_ERROR;
				GCC_WARN_UNDECLARED_SELECTOR = YES;
				GCC_WARN_UNINITIALIZED_AUTOS = YES_AGGRESSIVE;
				GCC_WARN_UNUSED_FUNCTION = YES;
				GCC_WARN_UNUSED_VARIABLE = YES;
				LOCALIZATION_PREFERS_STRING_CATALOGS = YES;
				MTL_ENABLE_DEBUG_INFO = INCLUDE_SOURCE;
				MTL_FAST_MATH = YES;
				ONLY_ACTIVE_ARCH = YES;
				SWIFT_ACTIVE_COMPILATION_CONDITIONS = "DEBUG $(inherited)";
				SWIFT_OPTIMIZATION_LEVEL = "-Onone";
			};
			name = Debug;
		};
		5403C5D92B5DC4530021F326 /* Release */ = {
			isa = XCBuildConfiguration;
			buildSettings = {
				ALWAYS_SEARCH_USER_PATHS = NO;
				ASSETCATALOG_COMPILER_GENERATE_SWIFT_ASSET_SYMBOL_EXTENSIONS = YES;
				CLANG_ANALYZER_NONNULL = YES;
				CLANG_ANALYZER_NUMBER_OBJECT_CONVERSION = YES_AGGRESSIVE;
				CLANG_CXX_LANGUAGE_STANDARD = "gnu++20";
				CLANG_ENABLE_MODULES = YES;
				CLANG_ENABLE_OBJC_ARC = YES;
				CLANG_ENABLE_OBJC_WEAK = YES;
				CLANG_WARN_BLOCK_CAPTURE_AUTORELEASING = YES;
				CLANG_WARN_BOOL_CONVERSION = YES;
				CLANG_WARN_COMMA = YES;
				CLANG_WARN_CONSTANT_CONVERSION = YES;
				CLANG_WARN_DEPRECATED_OBJC_IMPLEMENTATIONS = YES;
				CLANG_WARN_DIRECT_OBJC_ISA_USAGE = YES_ERROR;
				CLANG_WARN_DOCUMENTATION_COMMENTS = YES;
				CLANG_WARN_EMPTY_BODY = YES;
				CLANG_WARN_ENUM_CONVERSION = YES;
				CLANG_WARN_INFINITE_RECURSION = YES;
				CLANG_WARN_INT_CONVERSION = YES;
				CLANG_WARN_NON_LITERAL_NULL_CONVERSION = YES;
				CLANG_WARN_OBJC_IMPLICIT_RETAIN_SELF = YES;
				CLANG_WARN_OBJC_LITERAL_CONVERSION = YES;
				CLANG_WARN_OBJC_ROOT_CLASS = YES_ERROR;
				CLANG_WARN_QUOTED_INCLUDE_IN_FRAMEWORK_HEADER = YES;
				CLANG_WARN_RANGE_LOOP_ANALYSIS = YES;
				CLANG_WARN_STRICT_PROTOTYPES = YES;
				CLANG_WARN_SUSPICIOUS_MOVE = YES;
				CLANG_WARN_UNGUARDED_AVAILABILITY = YES_AGGRESSIVE;
				CLANG_WARN_UNREACHABLE_CODE = YES;
				CLANG_WARN__DUPLICATE_METHOD_MATCH = YES;
				COPY_PHASE_STRIP = NO;
				DEBUG_INFORMATION_FORMAT = "dwarf-with-dsym";
				ENABLE_NS_ASSERTIONS = NO;
				ENABLE_STRICT_OBJC_MSGSEND = YES;
				ENABLE_USER_SCRIPT_SANDBOXING = NO;
				GCC_C_LANGUAGE_STANDARD = gnu17;
				GCC_NO_COMMON_BLOCKS = YES;
				GCC_WARN_64_TO_32_BIT_CONVERSION = YES;
				GCC_WARN_ABOUT_RETURN_TYPE = YES_ERROR;
				GCC_WARN_UNDECLARED_SELECTOR = YES;
				GCC_WARN_UNINITIALIZED_AUTOS = YES_AGGRESSIVE;
				GCC_WARN_UNUSED_FUNCTION = YES;
				GCC_WARN_UNUSED_VARIABLE = YES;
				LOCALIZATION_PREFERS_STRING_CATALOGS = YES;
				MTL_ENABLE_DEBUG_INFO = NO;
				MTL_FAST_MATH = YES;
				SWIFT_COMPILATION_MODE = wholemodule;
			};
			name = Release;
		};
		5403C5DB2B5DC4530021F326 /* Debug */ = {
			isa = XCBuildConfiguration;
			buildSettings = {
				ASSETCATALOG_COMPILER_APPICON_NAME = AppIcon;
				ASSETCATALOG_COMPILER_GLOBAL_ACCENT_COLOR_NAME = AccentColor;
				CODE_SIGN_ENTITLEMENTS = Diary/configuration/Diary.entitlements;
				CODE_SIGN_STYLE = Automatic;
				CURRENT_PROJECT_VERSION = 1;
				DEVELOPMENT_ASSET_PATHS = "\"Diary/Preview Content\"";
				DEVELOPMENT_TEAM = Y8KJ5U265L;
				ENABLE_HARDENED_RUNTIME = YES;
				ENABLE_PREVIEWS = YES;
				GENERATE_INFOPLIST_FILE = YES;
				INFOPLIST_FILE = Diary/Configuration/Info.plist;
				"INFOPLIST_KEY_UIApplicationSceneManifest_Generation[sdk=iphoneos*]" = YES;
				"INFOPLIST_KEY_UIApplicationSceneManifest_Generation[sdk=iphonesimulator*]" = YES;
				"INFOPLIST_KEY_UIApplicationSupportsIndirectInputEvents[sdk=iphoneos*]" = YES;
				"INFOPLIST_KEY_UIApplicationSupportsIndirectInputEvents[sdk=iphonesimulator*]" = YES;
				"INFOPLIST_KEY_UILaunchScreen_Generation[sdk=iphoneos*]" = YES;
				"INFOPLIST_KEY_UILaunchScreen_Generation[sdk=iphonesimulator*]" = YES;
				"INFOPLIST_KEY_UIStatusBarStyle[sdk=iphoneos*]" = UIStatusBarStyleDefault;
				"INFOPLIST_KEY_UIStatusBarStyle[sdk=iphonesimulator*]" = UIStatusBarStyleDefault;
				INFOPLIST_KEY_UISupportedInterfaceOrientations_iPad = "UIInterfaceOrientationPortrait UIInterfaceOrientationPortraitUpsideDown UIInterfaceOrientationLandscapeLeft UIInterfaceOrientationLandscapeRight";
				INFOPLIST_KEY_UISupportedInterfaceOrientations_iPhone = "UIInterfaceOrientationPortrait UIInterfaceOrientationLandscapeLeft UIInterfaceOrientationLandscapeRight";
				IPHONEOS_DEPLOYMENT_TARGET = 17.2;
				LD_RUNPATH_SEARCH_PATHS = "@executable_path/Frameworks";
				"LD_RUNPATH_SEARCH_PATHS[sdk=macosx*]" = "@executable_path/../Frameworks";
				MACOSX_DEPLOYMENT_TARGET = 14.2;
				MARKETING_VERSION = 1.0;
				PRODUCT_BUNDLE_IDENTIFIER = NikkiW.Diary;
				PRODUCT_NAME = "$(TARGET_NAME)";
				SDKROOT = auto;
				SUPPORTED_PLATFORMS = "iphoneos iphonesimulator macosx";
				SWIFT_EMIT_LOC_STRINGS = YES;
				SWIFT_VERSION = 5.0;
				TARGETED_DEVICE_FAMILY = "1,2";
			};
			name = Debug;
		};
		5403C5DC2B5DC4530021F326 /* Release */ = {
			isa = XCBuildConfiguration;
			buildSettings = {
				ASSETCATALOG_COMPILER_APPICON_NAME = AppIcon;
				ASSETCATALOG_COMPILER_GLOBAL_ACCENT_COLOR_NAME = AccentColor;
				CODE_SIGN_ENTITLEMENTS = Diary/configuration/Diary.entitlements;
				CODE_SIGN_STYLE = Automatic;
				CURRENT_PROJECT_VERSION = 1;
				DEVELOPMENT_ASSET_PATHS = "\"Diary/Preview Content\"";
				DEVELOPMENT_TEAM = Y8KJ5U265L;
				ENABLE_HARDENED_RUNTIME = YES;
				ENABLE_PREVIEWS = YES;
				GENERATE_INFOPLIST_FILE = YES;
				INFOPLIST_FILE = Diary/Configuration/Info.plist;
				"INFOPLIST_KEY_UIApplicationSceneManifest_Generation[sdk=iphoneos*]" = YES;
				"INFOPLIST_KEY_UIApplicationSceneManifest_Generation[sdk=iphonesimulator*]" = YES;
				"INFOPLIST_KEY_UIApplicationSupportsIndirectInputEvents[sdk=iphoneos*]" = YES;
				"INFOPLIST_KEY_UIApplicationSupportsIndirectInputEvents[sdk=iphonesimulator*]" = YES;
				"INFOPLIST_KEY_UILaunchScreen_Generation[sdk=iphoneos*]" = YES;
				"INFOPLIST_KEY_UILaunchScreen_Generation[sdk=iphonesimulator*]" = YES;
				"INFOPLIST_KEY_UIStatusBarStyle[sdk=iphoneos*]" = UIStatusBarStyleDefault;
				"INFOPLIST_KEY_UIStatusBarStyle[sdk=iphonesimulator*]" = UIStatusBarStyleDefault;
				INFOPLIST_KEY_UISupportedInterfaceOrientations_iPad = "UIInterfaceOrientationPortrait UIInterfaceOrientationPortraitUpsideDown UIInterfaceOrientationLandscapeLeft UIInterfaceOrientationLandscapeRight";
				INFOPLIST_KEY_UISupportedInterfaceOrientations_iPhone = "UIInterfaceOrientationPortrait UIInterfaceOrientationLandscapeLeft UIInterfaceOrientationLandscapeRight";
				IPHONEOS_DEPLOYMENT_TARGET = 17.2;
				LD_RUNPATH_SEARCH_PATHS = "@executable_path/Frameworks";
				"LD_RUNPATH_SEARCH_PATHS[sdk=macosx*]" = "@executable_path/../Frameworks";
				MACOSX_DEPLOYMENT_TARGET = 14.2;
				MARKETING_VERSION = 1.0;
				PRODUCT_BUNDLE_IDENTIFIER = NikkiW.Diary;
				PRODUCT_NAME = "$(TARGET_NAME)";
				SDKROOT = auto;
				SUPPORTED_PLATFORMS = "iphoneos iphonesimulator macosx";
				SWIFT_EMIT_LOC_STRINGS = YES;
				SWIFT_VERSION = 5.0;
				TARGETED_DEVICE_FAMILY = "1,2";
			};
			name = Release;
		};
		54C758072B8BD60A00998BB2 /* Debug */ = {
			isa = XCBuildConfiguration;
			buildSettings = {
				CODE_SIGN_STYLE = Automatic;
				CURRENT_PROJECT_VERSION = 1;
				DEVELOPMENT_TEAM = Y8KJ5U265L;
				ENABLE_USER_SCRIPT_SANDBOXING = YES;
				GENERATE_INFOPLIST_FILE = YES;
				IPHONEOS_DEPLOYMENT_TARGET = 17.2;
				MARKETING_VERSION = 1.0;
				PRODUCT_BUNDLE_IDENTIFIER = NikkiW.DiaryUITests;
				PRODUCT_NAME = "$(TARGET_NAME)";
				SDKROOT = iphoneos;
				SWIFT_EMIT_LOC_STRINGS = NO;
				SWIFT_VERSION = 5.0;
				TARGETED_DEVICE_FAMILY = "1,2";
				TEST_TARGET_NAME = Diary;
			};
			name = Debug;
		};
		54C758082B8BD60A00998BB2 /* Release */ = {
			isa = XCBuildConfiguration;
			buildSettings = {
				CODE_SIGN_STYLE = Automatic;
				CURRENT_PROJECT_VERSION = 1;
				DEVELOPMENT_TEAM = Y8KJ5U265L;
				ENABLE_USER_SCRIPT_SANDBOXING = YES;
				GENERATE_INFOPLIST_FILE = YES;
				IPHONEOS_DEPLOYMENT_TARGET = 17.2;
				MARKETING_VERSION = 1.0;
				PRODUCT_BUNDLE_IDENTIFIER = NikkiW.DiaryUITests;
				PRODUCT_NAME = "$(TARGET_NAME)";
				SDKROOT = iphoneos;
				SWIFT_EMIT_LOC_STRINGS = NO;
				SWIFT_VERSION = 5.0;
				TARGETED_DEVICE_FAMILY = "1,2";
				TEST_TARGET_NAME = Diary;
				VALIDATE_PRODUCT = YES;
			};
			name = Release;
		};
		54EBA9D62B8A932600F85662 /* Debug */ = {
			isa = XCBuildConfiguration;
			buildSettings = {
				BUNDLE_LOADER = "$(TEST_HOST)";
				CODE_SIGN_STYLE = Automatic;
				CURRENT_PROJECT_VERSION = 1;
				DEVELOPMENT_TEAM = Y8KJ5U265L;
				ENABLE_USER_SCRIPT_SANDBOXING = YES;
				GENERATE_INFOPLIST_FILE = YES;
				IPHONEOS_DEPLOYMENT_TARGET = 17.2;
				MARKETING_VERSION = 1.0;
				PRODUCT_BUNDLE_IDENTIFIER = NikkiW.DiaryTests;
				PRODUCT_NAME = "$(TARGET_NAME)";
				SDKROOT = iphoneos;
				SWIFT_EMIT_LOC_STRINGS = NO;
				SWIFT_VERSION = 5.0;
				TARGETED_DEVICE_FAMILY = "1,2";
				TEST_HOST = "$(BUILT_PRODUCTS_DIR)/Diary.app/$(BUNDLE_EXECUTABLE_FOLDER_PATH)/Diary";
			};
			name = Debug;
		};
		54EBA9D72B8A932600F85662 /* Release */ = {
			isa = XCBuildConfiguration;
			buildSettings = {
				BUNDLE_LOADER = "$(TEST_HOST)";
				CODE_SIGN_STYLE = Automatic;
				CURRENT_PROJECT_VERSION = 1;
				DEVELOPMENT_TEAM = Y8KJ5U265L;
				ENABLE_USER_SCRIPT_SANDBOXING = YES;
				GENERATE_INFOPLIST_FILE = YES;
				IPHONEOS_DEPLOYMENT_TARGET = 17.2;
				MARKETING_VERSION = 1.0;
				PRODUCT_BUNDLE_IDENTIFIER = NikkiW.DiaryTests;
				PRODUCT_NAME = "$(TARGET_NAME)";
				SDKROOT = iphoneos;
				SWIFT_EMIT_LOC_STRINGS = NO;
				SWIFT_VERSION = 5.0;
				TARGETED_DEVICE_FAMILY = "1,2";
				TEST_HOST = "$(BUILT_PRODUCTS_DIR)/Diary.app/$(BUNDLE_EXECUTABLE_FOLDER_PATH)/Diary";
				VALIDATE_PRODUCT = YES;
			};
			name = Release;
		};
/* End XCBuildConfiguration section */

/* Begin XCConfigurationList section */
		5403C5C62B5DC4520021F326 /* Build configuration list for PBXProject "Diary" */ = {
			isa = XCConfigurationList;
			buildConfigurations = (
				5403C5D82B5DC4530021F326 /* Debug */,
				5403C5D92B5DC4530021F326 /* Release */,
			);
			defaultConfigurationIsVisible = 0;
			defaultConfigurationName = Release;
		};
		5403C5DA2B5DC4530021F326 /* Build configuration list for PBXNativeTarget "Diary" */ = {
			isa = XCConfigurationList;
			buildConfigurations = (
				5403C5DB2B5DC4530021F326 /* Debug */,
				5403C5DC2B5DC4530021F326 /* Release */,
			);
			defaultConfigurationIsVisible = 0;
			defaultConfigurationName = Release;
		};
		54C758062B8BD60A00998BB2 /* Build configuration list for PBXNativeTarget "DiaryUITests" */ = {
			isa = XCConfigurationList;
			buildConfigurations = (
				54C758072B8BD60A00998BB2 /* Debug */,
				54C758082B8BD60A00998BB2 /* Release */,
			);
			defaultConfigurationIsVisible = 0;
			defaultConfigurationName = Release;
		};
		54EBA9D82B8A932600F85662 /* Build configuration list for PBXNativeTarget "DiaryTests" */ = {
			isa = XCConfigurationList;
			buildConfigurations = (
				54EBA9D62B8A932600F85662 /* Debug */,
				54EBA9D72B8A932600F85662 /* Release */,
			);
			defaultConfigurationIsVisible = 0;
			defaultConfigurationName = Release;
		};
/* End XCConfigurationList section */

/* Begin XCVersionGroup section */
		5403C5DD2B5DC52A0021F326 /* Main.xcdatamodeld */ = {
			isa = XCVersionGroup;
			children = (
				5403C5DE2B5DC52A0021F326 /* Main.xcdatamodel */,
			);
			currentVersion = 5403C5DE2B5DC52A0021F326 /* Main.xcdatamodel */;
			path = Main.xcdatamodeld;
			sourceTree = "<group>";
			versionGroupType = wrapper.xcdatamodel;
		};
/* End XCVersionGroup section */
	};
	rootObject = 5403C5C32B5DC4520021F326 /* Project object */;
}
